
Microsoft Visual Studio Solution File, Format Version 12.00
Project("{FAE04EC0-301F-11D3-BF4B-00C04F79EFBC}") = "InjectionDefender", "InjectionDefender\InjectionDefender.csproj", "{2927FA67-B8BE-41B1-8CF3-8BF53D18F965}"
EndProject
Global
	GlobalSection(SolutionConfigurationPlatforms) = preSolution
		Debug|Any CPU = Debug|Any CPU
		Release|Any CPU = Release|Any CPU
	EndGlobalSection
	GlobalSection(ProjectConfigurationPlatforms) = postSolution
		{2927FA67-B8BE-41B1-8CF3-8BF53D18F965}.Debug|Any CPU.ActiveCfg = Debug|Any CPU
		{2927FA67-B8BE-41B1-8CF3-8BF53D18F965}.Debug|Any CPU.Build.0 = Debug|Any CPU
		{2927FA67-B8BE-41B1-8CF3-8BF53D18F965}.Release|Any CPU.ActiveCfg = Release|Any CPU
		{2927FA67-B8BE-41B1-8CF3-8BF53D18F965}.Release|Any CPU.Build.0 = Release|Any CPU
	EndGlobalSection
EndGlobal
